
Microsoft Visual Studio Solution File, Format Version 12.00
# Visual Studio Version 16
VisualStudioVersion = 16.0.33214.272
MinimumVisualStudioVersion = 10.0.40219.1
Project("{FAE04EC0-301F-11D3-BF4B-00C04F79EFBC}") = "Movie_mission6", "Movie_mission6\Movie_mission6.csproj", "{CB9DAFD5-D4CE-4BCF-BA45-BF9ECC28B89F}"
EndProject
Global
	GlobalSection(SolutionConfigurationPlatforms) = preSolution
		Debug|Any CPU = Debug|Any CPU
		Release|Any CPU = Release|Any CPU
	EndGlobalSection
	GlobalSection(ProjectConfigurationPlatforms) = postSolution
		{CB9DAFD5-D4CE-4BCF-BA45-BF9ECC28B89F}.Debug|Any CPU.ActiveCfg = Debug|Any CPU
		{CB9DAFD5-D4CE-4BCF-BA45-BF9ECC28B89F}.Debug|Any CPU.Build.0 = Debug|Any CPU
		{CB9DAFD5-D4CE-4BCF-BA45-BF9ECC28B89F}.Release|Any CPU.ActiveCfg = Release|Any CPU
		{CB9DAFD5-D4CE-4BCF-BA45-BF9ECC28B89F}.Release|Any CPU.Build.0 = Release|Any CPU
	EndGlobalSection
	GlobalSection(SolutionProperties) = preSolution
		HideSolutionNode = FALSE
	EndGlobalSection
	GlobalSection(ExtensibilityGlobals) = postSolution
		SolutionGuid = {43CBFB27-826B-443B-B501-5B28A259B462}
	EndGlobalSection
EndGlobal
